<?xml version="1.0" encoding="UTF-8" standalone="yes" ?>
<CodeBlocks_project_file>
	<FileVersion major="1" minor="6" />
	<Project>
		<Option title="Lazerus" />
		<Option pch_mode="2" />
		<Option compiler="gcc" />
		<Build>
			<Target title="Debug">
				<Option output="bin/Debug/Lazerus" prefix_auto="1" extension_auto="1" />
				<Option object_output="obj/Debug/" />
				<Option type="1" />
				<Option compiler="gcc" />
				<Compiler>
					<Add option="-g" />
				</Compiler>
			</Target>
			<Target title="Release">
				<Option output="bin/Release/Lazerus" prefix_auto="1" extension_auto="1" />
				<Option object_output="obj/Release/" />
				<Option type="1" />
				<Option compiler="gcc" />
				<Compiler>
					<Add option="-O2" />
				</Compiler>
				<Linker>
					<Add option="-s" />
				</Linker>
			</Target>
		</Build>
		<Compiler>
			<Add option="-Wall" />
			<Add directory="D:/Code/C++ Projects/SDL2-2.0.8/i686-w64-mingw32/include/SDL2" />
			<Add directory="D:/Code/C++ Projects/SDL2_mixer-2.0.2/i686-w64-mingw32/include/SDL2" />
			<Add directory="D:/Code/C++ Projects/SDL2_image-2.0.3/i686-w64-mingw32/include/SDL2" />
			<Add directory="game_engine/include" />
			<Add directory="game_engine/src" />
		</Compiler>
		<Linker>
			<Add option="-lmingw32 -lSDL2main -lSDL2 -lSDL2_image -lSDL2_mixer" />
			<Add directory="D:/Code/C++ Projects/SDL2-2.0.8/i686-w64-mingw32/lib" />
			<Add directory="D:/Code/C++ Projects/SDL2_mixer-2.0.2/i686-w64-mingw32/lib" />
			<Add directory="D:/Code/C++ Projects/SDL2_image-2.0.3/i686-w64-mingw32/lib" />
		</Linker>
		<Unit filename="game_engine/include/Vector2D.h" />
		<Unit filename="game_engine/include/Window.h" />
		<Unit filename="game_engine/include/WindowProperty.h" />
		<Unit filename="game_engine/include/sha2.h" />
		<Unit filename="game_engine/main.cpp" />
		<Unit filename="game_engine/src/Vector2D.cpp" />
		<Unit filename="game_engine/src/Window.cpp" />
		<Unit filename="game_engine/src/WindowProperty.cpp" />
		<Extensions>
			<code_completion />
			<envvars />
			<debugger />
			<lib_finder disable_auto="1" />
		</Extensions>
	</Project>
</CodeBlocks_project_file>
